
Microsoft Visual Studio Solution File, Format Version 12.00
# Visual Studio 15
VisualStudioVersion = 15.0.28307.168
MinimumVisualStudioVersion = 10.0.40219.1
Project("{FAE04EC0-301F-11D3-BF4B-00C04F79EFBC}") = "WebApiClassV2", "WebApiClassV2\WebApiClassV2.csproj", "{508B929E-5829-487B-BB87-6737624F1CA4}"
EndProject
Global
	GlobalSection(SolutionConfigurationPlatforms) = preSolution
		Debug|Any CPU = Debug|Any CPU
		Release|Any CPU = Release|Any CPU
	EndGlobalSection
	GlobalSection(ProjectConfigurationPlatforms) = postSolution
		{508B929E-5829-487B-BB87-6737624F1CA4}.Debug|Any CPU.ActiveCfg = Debug|Any CPU
		{508B929E-5829-487B-BB87-6737624F1CA4}.Debug|Any CPU.Build.0 = Debug|Any CPU
		{508B929E-5829-487B-BB87-6737624F1CA4}.Release|Any CPU.ActiveCfg = Release|Any CPU
		{508B929E-5829-487B-BB87-6737624F1CA4}.Release|Any CPU.Build.0 = Release|Any CPU
	EndGlobalSection
	GlobalSection(SolutionProperties) = preSolution
		HideSolutionNode = FALSE
	EndGlobalSection
	GlobalSection(ExtensibilityGlobals) = postSolution
		SolutionGuid = {AA1995C1-75A3-493B-AA03-5D2471D7D1CB}
	EndGlobalSection
EndGlobal
